// !$*UTF8*$!
{
	archiveVersion = 1;
	classes = {
	};
	objectVersion = 50;
	objects = {

/* Begin PBXBuildFile section */
		42684A202605392A001C1247 /* AppakApp.swift in Sources */ = {isa = PBXBuildFile; fileRef = 42684A1F2605392A001C1247 /* AppakApp.swift */; };
		42684A242605392B001C1247 /* Assets.xcassets in Resources */ = {isa = PBXBuildFile; fileRef = 42684A232605392B001C1247 /* Assets.xcassets */; };
		42684A272605392B001C1247 /* Preview Assets.xcassets in Resources */ = {isa = PBXBuildFile; fileRef = 42684A262605392B001C1247 /* Preview Assets.xcassets */; };
		42684A3826053D67001C1247 /* MainView.swift in Sources */ = {isa = PBXBuildFile; fileRef = 42684A3726053D67001C1247 /* MainView.swift */; };
		42684A3C2605440C001C1247 /* AppCellView.swift in Sources */ = {isa = PBXBuildFile; fileRef = 42684A3B2605440C001C1247 /* AppCellView.swift */; };
		426A42F6260783CB00C6B3C7 /* ListHeaderView.swift in Sources */ = {isa = PBXBuildFile; fileRef = 426A42F5260783CB00C6B3C7 /* ListHeaderView.swift */; };
		429A9E272607CB9300486793 /* PhoneApp.swift in Sources */ = {isa = PBXBuildFile; fileRef = 429A9E262607CB9300486793 /* PhoneApp.swift */; };
/* End PBXBuildFile section */

/* Begin PBXFileReference section */
		42684A1C2605392A001C1247 /* Appak.app */ = {isa = PBXFileReference; explicitFileType = wrapper.application; includeInIndex = 0; path = Appak.app; sourceTree = BUILT_PRODUCTS_DIR; };
		42684A1F2605392A001C1247 /* AppakApp.swift */ = {isa = PBXFileReference; lastKnownFileType = sourcecode.swift; path = AppakApp.swift; sourceTree = "<group>"; };
		42684A232605392B001C1247 /* Assets.xcassets */ = {isa = PBXFileReference; lastKnownFileType = folder.assetcatalog; path = Assets.xcassets; sourceTree = "<group>"; };
		42684A262605392B001C1247 /* Preview Assets.xcassets */ = {isa = PBXFileReference; lastKnownFileType = folder.assetcatalog; path = "Preview Assets.xcassets"; sourceTree = "<group>"; };
		42684A282605392B001C1247 /* Info.plist */ = {isa = PBXFileReference; lastKnownFileType = text.plist.xml; path = Info.plist; sourceTree = "<group>"; };
		42684A3726053D67001C1247 /* MainView.swift */ = {isa = PBXFileReference; lastKnownFileType = sourcecode.swift; path = MainView.swift; sourceTree = "<group>"; };
		42684A3B2605440C001C1247 /* AppCellView.swift */ = {isa = PBXFileReference; lastKnownFileType = sourcecode.swift; path = AppCellView.swift; sourceTree = "<group>"; };
		426A42F5260783CB00C6B3C7 /* ListHeaderView.swift */ = {isa = PBXFileReference; lastKnownFileType = sourcecode.swift; path = ListHeaderView.swift; sourceTree = "<group>"; };
		429A9E262607CB9300486793 /* PhoneApp.swift */ = {isa = PBXFileReference; lastKnownFileType = sourcecode.swift; path = PhoneApp.swift; sourceTree = "<group>"; };
/* End PBXFileReference section */

/* Begin PBXFrameworksBuildPhase section */
		42684A192605392A001C1247 /* Frameworks */ = {
			isa = PBXFrameworksBuildPhase;
			buildActionMask = 2147483647;
			files = (
			);
			runOnlyForDeploymentPostprocessing = 0;
		};
/* End PBXFrameworksBuildPhase section */

/* Begin PBXGroup section */
		42684A132605392A001C1247 = {
			isa = PBXGroup;
			children = (
				42684A1E2605392A001C1247 /* Appak */,
				42684A1D2605392A001C1247 /* Products */,
			);
			sourceTree = "<group>";
		};
		42684A1D2605392A001C1247 /* Products */ = {
			isa = PBXGroup;
			children = (
				42684A1C2605392A001C1247 /* Appak.app */,
			);
			name = Products;
			sourceTree = "<group>";
		};
		42684A1E2605392A001C1247 /* Appak */ = {
			isa = PBXGroup;
			children = (
				42684A1F2605392A001C1247 /* AppakApp.swift */,
				42684A3126053D40001C1247 /* Models */,
				42684A3026053D34001C1247 /* Views */,
				42684A2F26053D2B001C1247 /* Controllers */,
				42684A232605392B001C1247 /* Assets.xcassets */,
				42684A282605392B001C1247 /* Info.plist */,
				42684A252605392B001C1247 /* Preview Content */,
			);
			path = Appak;
			sourceTree = "<group>";
		};
		42684A252605392B001C1247 /* Preview Content */ = {
			isa = PBXGroup;
			children = (
				42684A262605392B001C1247 /* Preview Assets.xcassets */,
			);
			path = "Preview Content";
			sourceTree = "<group>";
		};
		42684A2F26053D2B001C1247 /* Controllers */ = {
			isa = PBXGroup;
			children = (
			);
			path = Controllers;
			sourceTree = "<group>";
		};
		42684A3026053D34001C1247 /* Views */ = {
			isa = PBXGroup;
			children = (
				42684A3726053D67001C1247 /* MainView.swift */,
				42684A3B2605440C001C1247 /* AppCellView.swift */,
				426A42F5260783CB00C6B3C7 /* ListHeaderView.swift */,
			);
			path = Views;
			sourceTree = "<group>";
		};
		42684A3126053D40001C1247 /* Models */ = {
			isa = PBXGroup;
			children = (
				429A9E262607CB9300486793 /* PhoneApp.swift */,
			);
			path = Models;
			sourceTree = "<group>";
		};
/* End PBXGroup section */

/* Begin PBXNativeTarget section */
		42684A1B2605392A001C1247 /* Appak */ = {
			isa = PBXNativeTarget;
			buildConfigurationList = 42684A2B2605392B001C1247 /* Build configuration list for PBXNativeTarget "Appak" */;
			buildPhases = (
				42684A182605392A001C1247 /* Sources */,
				42684A192605392A001C1247 /* Frameworks */,
				42684A1A2605392A001C1247 /* Resources */,
			);
			buildRules = (
			);
			dependencies = (
			);
			name = Appak;
			productName = Appak;
			productReference = 42684A1C2605392A001C1247 /* Appak.app */;
			productType = "com.apple.product-type.application";
		};
/* End PBXNativeTarget section */

/* Begin PBXProject section */
		42684A142605392A001C1247 /* Project object */ = {
			isa = PBXProject;
			attributes = {
				LastSwiftUpdateCheck = 1240;
				LastUpgradeCheck = 1240;
				TargetAttributes = {
					42684A1B2605392A001C1247 = {
						CreatedOnToolsVersion = 12.4;
					};
				};
			};
			buildConfigurationList = 42684A172605392A001C1247 /* Build configuration list for PBXProject "Appak" */;
			compatibilityVersion = "Xcode 9.3";
			developmentRegion = en;
			hasScannedForEncodings = 0;
			knownRegions = (
				en,
				Base,
			);
			mainGroup = 42684A132605392A001C1247;
			productRefGroup = 42684A1D2605392A001C1247 /* Products */;
			projectDirPath = "";
			projectRoot = "";
			targets = (
				42684A1B2605392A001C1247 /* Appak */,
			);
		};
/* End PBXProject section */

/* Begin PBXResourcesBuildPhase section */
		42684A1A2605392A001C1247 /* Resources */ = {
			isa = PBXResourcesBuildPhase;
			buildActionMask = 2147483647;
			files = (
				42684A272605392B001C1247 /* Preview Assets.xcassets in Resources */,
				42684A242605392B001C1247 /* Assets.xcassets in Resources */,
			);
			runOnlyForDeploymentPostprocessing = 0;
		};
/* End PBXResourcesBuildPhase section */

/* Begin PBXSourcesBuildPhase section */
		42684A182605392A001C1247 /* Sources */ = {
			isa = PBXSourcesBuildPhase;
			buildActionMask = 2147483647;
			files = (
				42684A3826053D67001C1247 /* MainView.swift in Sources */,
				42684A202605392A001C1247 /* AppakApp.swift in Sources */,
				429A9E272607CB9300486793 /* PhoneApp.swift in Sources */,
				42684A3C2605440C001C1247 /* AppCellView.swift in Sources */,
				426A42F6260783CB00C6B3C7 /* ListHeaderView.swift in Sources */,
			);
			runOnlyForDeploymentPostprocessing = 0;
		};
/* End PBXSourcesBuildPhase section */

/* Begin XCBuildConfiguration section */
		42684A292605392B001C1247 /* Debug */ = {
			isa = XCBuildConfiguration;
			buildSettings = {
				ALWAYS_SEARCH_USER_PATHS = NO;
				CLANG_ANALYZER_NONNULL = YES;
				CLANG_ANALYZER_NUMBER_OBJECT_CONVERSION = YES_AGGRESSIVE;
				CLANG_CXX_LANGUAGE_STANDARD = "gnu++14";
				CLANG_CXX_LIBRARY = "libc++";
				CLANG_ENABLE_MODULES = YES;
				CLANG_ENABLE_OBJC_ARC = YES;
				CLANG_ENABLE_OBJC_WEAK = YES;
				CLANG_WARN_BLOCK_CAPTURE_AUTORELEASING = YES;
				CLANG_WARN_BOOL_CONVERSION = YES;
				CLANG_WARN_COMMA = YES;
				CLANG_WARN_CONSTANT_CONVERSION = YES;
				CLANG_WARN_DEPRECATED_OBJC_IMPLEMENTATIONS = YES;
				CLANG_WARN_DIRECT_OBJC_ISA_USAGE = YES_ERROR;
				CLANG_WARN_DOCUMENTATION_COMMENTS = YES;
				CLANG_WARN_EMPTY_BODY = YES;
				CLANG_WARN_ENUM_CONVERSION = YES;
				CLANG_WARN_INFINITE_RECURSION = YES;
				CLANG_WARN_INT_CONVERSION = YES;
				CLANG_WARN_NON_LITERAL_NULL_CONVERSION = YES;
				CLANG_WARN_OBJC_IMPLICIT_RETAIN_SELF = YES;
				CLANG_WARN_OBJC_LITERAL_CONVERSION = YES;
				CLANG_WARN_OBJC_ROOT_CLASS = YES_ERROR;
				CLANG_WARN_QUOTED_INCLUDE_IN_FRAMEWORK_HEADER = YES;
				CLANG_WARN_RANGE_LOOP_ANALYSIS = YES;
				CLANG_WARN_STRICT_PROTOTYPES = YES;
				CLANG_WARN_SUSPICIOUS_MOVE = YES;
				CLANG_WARN_UNGUARDED_AVAILABILITY = YES_AGGRESSIVE;
				CLANG_WARN_UNREACHABLE_CODE = YES;
				CLANG_WARN__DUPLICATE_METHOD_MATCH = YES;
				COPY_PHASE_STRIP = NO;
				DEBUG_INFORMATION_FORMAT = dwarf;
				ENABLE_STRICT_OBJC_MSGSEND = YES;
				ENABLE_TESTABILITY = YES;
				GCC_C_LANGUAGE_STANDARD = gnu11;
				GCC_DYNAMIC_NO_PIC = NO;
				GCC_NO_COMMON_BLOCKS = YES;
				GCC_OPTIMIZATION_LEVEL = 0;
				GCC_PREPROCESSOR_DEFINITIONS = (
					"DEBUG=1",
					"$(inherited)",
				);
				GCC_WARN_64_TO_32_BIT_CONVERSION = YES;
				GCC_WARN_ABOUT_RETURN_TYPE = YES_ERROR;
				GCC_WARN_UNDECLARED_SELECTOR = YES;
				GCC_WARN_UNINITIALIZED_AUTOS = YES_AGGRESSIVE;
				GCC_WARN_UNUSED_FUNCTION = YES;
				GCC_WARN_UNUSED_VARIABLE = YES;
				IPHONEOS_DEPLOYMENT_TARGET = 14.4;
				MTL_ENABLE_DEBUG_INFO = INCLUDE_SOURCE;
				MTL_FAST_MATH = YES;
				ONLY_ACTIVE_ARCH = YES;
				SDKROOT = iphoneos;
				SWIFT_ACTIVE_COMPILATION_CONDITIONS = DEBUG;
				SWIFT_OPTIMIZATION_LEVEL = "-Onone";
			};
			name = Debug;
		};
		42684A2A2605392B001C1247 /* Release */ = {
			isa = XCBuildConfiguration;
			buildSettings = {
				ALWAYS_SEARCH_USER_PATHS = NO;
				CLANG_ANALYZER_NONNULL = YES;
				CLANG_ANALYZER_NUMBER_OBJECT_CONVERSION = YES_AGGRESSIVE;
				CLANG_CXX_LANGUAGE_STANDARD = "gnu++14";
				CLANG_CXX_LIBRARY = "libc++";
				CLANG_ENABLE_MODULES = YES;
				CLANG_ENABLE_OBJC_ARC = YES;
				CLANG_ENABLE_OBJC_WEAK = YES;
				CLANG_WARN_BLOCK_CAPTURE_AUTORELEASING = YES;
				CLANG_WARN_BOOL_CONVERSION = YES;
				CLANG_WARN_COMMA = YES;
				CLANG_WARN_CONSTANT_CONVERSION = YES;
				CLANG_WARN_DEPRECATED_OBJC_IMPLEMENTATIONS = YES;
				CLANG_WARN_DIRECT_OBJC_ISA_USAGE = YES_ERROR;
				CLANG_WARN_DOCUMENTATION_COMMENTS = YES;
				CLANG_WARN_EMPTY_BODY = YES;
				CLANG_WARN_ENUM_CONVERSION = YES;
				CLANG_WARN_INFINITE_RECURSION = YES;
				CLANG_WARN_INT_CONVERSION = YES;
				CLANG_WARN_NON_LITERAL_NULL_CONVERSION = YES;
				CLANG_WARN_OBJC_IMPLICIT_RETAIN_SELF = YES;
				CLANG_WARN_OBJC_LITERAL_CONVERSION = YES;
				CLANG_WARN_OBJC_ROOT_CLASS = YES_ERROR;
				CLANG_WARN_QUOTED_INCLUDE_IN_FRAMEWORK_HEADER = YES;
				CLANG_WARN_RANGE_LOOP_ANALYSIS = YES;
				CLANG_WARN_STRICT_PROTOTYPES = YES;
				CLANG_WARN_SUSPICIOUS_MOVE = YES;
				CLANG_WARN_UNGUARDED_AVAILABILITY = YES_AGGRESSIVE;
				CLANG_WARN_UNREACHABLE_CODE = YES;
				CLANG_WARN__DUPLICATE_METHOD_MATCH = YES;
				COPY_PHASE_STRIP = NO;
				DEBUG_INFORMATION_FORMAT = "dwarf-with-dsym";
				ENABLE_NS_ASSERTIONS = NO;
				ENABLE_STRICT_OBJC_MSGSEND = YES;
				GCC_C_LANGUAGE_STANDARD = gnu11;
				GCC_NO_COMMON_BLOCKS = YES;
				GCC_WARN_64_TO_32_BIT_CONVERSION = YES;
				GCC_WARN_ABOUT_RETURN_TYPE = YES_ERROR;
				GCC_WARN_UNDECLARED_SELECTOR = YES;
				GCC_WARN_UNINITIALIZED_AUTOS = YES_AGGRESSIVE;
				GCC_WARN_UNUSED_FUNCTION = YES;
				GCC_WARN_UNUSED_VARIABLE = YES;
				IPHONEOS_DEPLOYMENT_TARGET = 14.4;
				MTL_ENABLE_DEBUG_INFO = NO;
				MTL_FAST_MATH = YES;
				SDKROOT = iphoneos;
				SWIFT_COMPILATION_MODE = wholemodule;
				SWIFT_OPTIMIZATION_LEVEL = "-O";
				VALIDATE_PRODUCT = YES;
			};
			name = Release;
		};
		42684A2C2605392B001C1247 /* Debug */ = {
			isa = XCBuildConfiguration;
			buildSettings = {
				ASSETCATALOG_COMPILER_APPICON_NAME = AppIcon;
				ASSETCATALOG_COMPILER_GLOBAL_ACCENT_COLOR_NAME = AccentColor;
				CODE_SIGN_STYLE = Automatic;
				DEVELOPMENT_ASSET_PATHS = "\"Appak/Preview Content\"";
				DEVELOPMENT_TEAM = V9WUS7ZBGW;
				ENABLE_PREVIEWS = YES;
				INFOPLIST_FILE = Appak/Info.plist;
				IPHONEOS_DEPLOYMENT_TARGET = 14.0;
				LD_RUNPATH_SEARCH_PATHS = (
					"$(inherited)",
					"@executable_path/Frameworks",
				);
				PRODUCT_BUNDLE_IDENTIFIER = eus.aitorzubizarreta.Appak;
				PRODUCT_NAME = "$(TARGET_NAME)";
				SWIFT_VERSION = 5.0;
				TARGETED_DEVICE_FAMILY = 1;
			};
			name = Debug;
		};
		42684A2D2605392B001C1247 /* Release */ = {
			isa = XCBuildConfiguration;
			buildSettings = {
				ASSETCATALOG_COMPILER_APPICON_NAME = AppIcon;
				ASSETCATALOG_COMPILER_GLOBAL_ACCENT_COLOR_NAME = AccentColor;
				CODE_SIGN_STYLE = Automatic;
				DEVELOPMENT_ASSET_PATHS = "\"Appak/Preview Content\"";
				DEVELOPMENT_TEAM = V9WUS7ZBGW;
				ENABLE_PREVIEWS = YES;
				INFOPLIST_FILE = Appak/Info.plist;
				IPHONEOS_DEPLOYMENT_TARGET = 14.0;
				LD_RUNPATH_SEARCH_PATHS = (
					"$(inherited)",
					"@executable_path/Frameworks",
				);
				PRODUCT_BUNDLE_IDENTIFIER = eus.aitorzubizarreta.Appak;
				PRODUCT_NAME = "$(TARGET_NAME)";
				SWIFT_VERSION = 5.0;
				TARGETED_DEVICE_FAMILY = 1;
			};
			name = Release;
		};
/* End XCBuildConfiguration section */

/* Begin XCConfigurationList section */
		42684A172605392A001C1247 /* Build configuration list for PBXProject "Appak" */ = {
			isa = XCConfigurationList;
			buildConfigurations = (
				42684A292605392B001C1247 /* Debug */,
				42684A2A2605392B001C1247 /* Release */,
			);
			defaultConfigurationIsVisible = 0;
			defaultConfigurationName = Release;
		};
		42684A2B2605392B001C1247 /* Build configuration list for PBXNativeTarget "Appak" */ = {
			isa = XCConfigurationList;
			buildConfigurations = (
				42684A2C2605392B001C1247 /* Debug */,
				42684A2D2605392B001C1247 /* Release */,
			);
			defaultConfigurationIsVisible = 0;
			defaultConfigurationName = Release;
		};
/* End XCConfigurationList section */
	};
	rootObject = 42684A142605392A001C1247 /* Project object */;
}
